// !$*UTF8*$!
{
	archiveVersion = 1;
	classes = {
	};
	objectVersion = 46;
	objects = {

/* Begin PBXBuildFile section */
		4FE71FF11D7105690090F88F /* AppDelegate.swift in Sources */ = {isa = PBXBuildFile; fileRef = 4FE71FF01D7105690090F88F /* AppDelegate.swift */; };
		4FE71FF31D7105690090F88F /* ViewController.swift in Sources */ = {isa = PBXBuildFile; fileRef = 4FE71FF21D7105690090F88F /* ViewController.swift */; };
		4FE71FF61D7105690090F88F /* Main.storyboard in Resources */ = {isa = PBXBuildFile; fileRef = 4FE71FF41D7105690090F88F /* Main.storyboard */; };
		4FE71FF81D7105690090F88F /* Assets.xcassets in Resources */ = {isa = PBXBuildFile; fileRef = 4FE71FF71D7105690090F88F /* Assets.xcassets */; };
		4FE71FFB1D7105690090F88F /* LaunchScreen.storyboard in Resources */ = {isa = PBXBuildFile; fileRef = 4FE71FF91D7105690090F88F /* LaunchScreen.storyboard */; };
		4FE720061D7105690090F88F /* HooqdTests.swift in Sources */ = {isa = PBXBuildFile; fileRef = 4FE720051D7105690090F88F /* HooqdTests.swift */; };
		4FE720111D7105690090F88F /* HooqdUITests.swift in Sources */ = {isa = PBXBuildFile; fileRef = 4FE720101D7105690090F88F /* HooqdUITests.swift */; };
/* End PBXBuildFile section */

/* Begin PBXContainerItemProxy section */
		4FE720021D7105690090F88F /* PBXContainerItemProxy */ = {
			isa = PBXContainerItemProxy;
			containerPortal = 4FE71FE51D7105690090F88F /* Project object */;
			proxyType = 1;
			remoteGlobalIDString = 4FE71FEC1D7105690090F88F;
			remoteInfo = Hooqd;
		};
		4FE7200D1D7105690090F88F /* PBXContainerItemProxy */ = {
			isa = PBXContainerItemProxy;
			containerPortal = 4FE71FE51D7105690090F88F /* Project object */;
			proxyType = 1;
			remoteGlobalIDString = 4FE71FEC1D7105690090F88F;
			remoteInfo = Hooqd;
		};
/* End PBXContainerItemProxy section */

/* Begin PBXFileReference section */
		4FE71FED1D7105690090F88F /* Hooqd.app */ = {isa = PBXFileReference; explicitFileType = wrapper.application; includeInIndex = 0; path = Hooqd.app; sourceTree = BUILT_PRODUCTS_DIR; };
		4FE71FF01D7105690090F88F /* AppDelegate.swift */ = {isa = PBXFileReference; lastKnownFileType = sourcecode.swift; path = AppDelegate.swift; sourceTree = "<group>"; };
		4FE71FF21D7105690090F88F /* ViewController.swift */ = {isa = PBXFileReference; lastKnownFileType = sourcecode.swift; path = ViewController.swift; sourceTree = "<group>"; };
		4FE71FF51D7105690090F88F /* Base */ = {isa = PBXFileReference; lastKnownFileType = file.storyboard; name = Base; path = Base.lproj/Main.storyboard; sourceTree = "<group>"; };
		4FE71FF71D7105690090F88F /* Assets.xcassets */ = {isa = PBXFileReference; lastKnownFileType = folder.assetcatalog; path = Assets.xcassets; sourceTree = "<group>"; };
		4FE71FFA1D7105690090F88F /* Base */ = {isa = PBXFileReference; lastKnownFileType = file.storyboard; name = Base; path = Base.lproj/LaunchScreen.storyboard; sourceTree = "<group>"; };
		4FE71FFC1D7105690090F88F /* Info.plist */ = {isa = PBXFileReference; lastKnownFileType = text.plist.xml; path = Info.plist; sourceTree = "<group>"; };
		4FE720011D7105690090F88F /* HooqdTests.xctest */ = {isa = PBXFileReference; explicitFileType = wrapper.cfbundle; includeInIndex = 0; path = HooqdTests.xctest; sourceTree = BUILT_PRODUCTS_DIR; };
		4FE720051D7105690090F88F /* HooqdTests.swift */ = {isa = PBXFileReference; lastKnownFileType = sourcecode.swift; path = HooqdTests.swift; sourceTree = "<group>"; };
		4FE720071D7105690090F88F /* Info.plist */ = {isa = PBXFileReference; lastKnownFileType = text.plist.xml; path = Info.plist; sourceTree = "<group>"; };
		4FE7200C1D7105690090F88F /* HooqdUITests.xctest */ = {isa = PBXFileReference; explicitFileType = wrapper.cfbundle; includeInIndex = 0; path = HooqdUITests.xctest; sourceTree = BUILT_PRODUCTS_DIR; };
		4FE720101D7105690090F88F /* HooqdUITests.swift */ = {isa = PBXFileReference; lastKnownFileType = sourcecode.swift; path = HooqdUITests.swift; sourceTree = "<group>"; };
		4FE720121D7105690090F88F /* Info.plist */ = {isa = PBXFileReference; lastKnownFileType = text.plist.xml; path = Info.plist; sourceTree = "<group>"; };
/* End PBXFileReference section */

/* Begin PBXFrameworksBuildPhase section */
		4FE71FEA1D7105690090F88F /* Frameworks */ = {
			isa = PBXFrameworksBuildPhase;
			buildActionMask = 2147483647;
			files = (
			);
			runOnlyForDeploymentPostprocessing = 0;
		};
		4FE71FFE1D7105690090F88F /* Frameworks */ = {
			isa = PBXFrameworksBuildPhase;
			buildActionMask = 2147483647;
			files = (
			);
			runOnlyForDeploymentPostprocessing = 0;
		};
		4FE720091D7105690090F88F /* Frameworks */ = {
			isa = PBXFrameworksBuildPhase;
			buildActionMask = 2147483647;
			files = (
			);
			runOnlyForDeploymentPostprocessing = 0;
		};
/* End PBXFrameworksBuildPhase section */

/* Begin PBXGroup section */
		4FE71FE41D7105690090F88F = {
			isa = PBXGroup;
			children = (
				4FE71FEF1D7105690090F88F /* Hooqd */,
				4FE720041D7105690090F88F /* HooqdTests */,
				4FE7200F1D7105690090F88F /* HooqdUITests */,
				4FE71FEE1D7105690090F88F /* Products */,
			);
			sourceTree = "<group>";
		};
		4FE71FEE1D7105690090F88F /* Products */ = {
			isa = PBXGroup;
			children = (
				4FE71FED1D7105690090F88F /* Hooqd.app */,
				4FE720011D7105690090F88F /* HooqdTests.xctest */,
				4FE7200C1D7105690090F88F /* HooqdUITests.xctest */,
			);
			name = Products;
			sourceTree = "<group>";
		};
		4FE71FEF1D7105690090F88F /* Hooqd */ = {
			isa = PBXGroup;
			children = (
				4FE71FF01D7105690090F88F /* AppDelegate.swift */,
				4FE71FF21D7105690090F88F /* ViewController.swift */,
				4FE71FF41D7105690090F88F /* Main.storyboard */,
				4FE71FF71D7105690090F88F /* Assets.xcassets */,
				4FE71FF91D7105690090F88F /* LaunchScreen.storyboard */,
				4FE71FFC1D7105690090F88F /* Info.plist */,
			);
			path = Hooqd;
			sourceTree = "<group>";
		};
		4FE720041D7105690090F88F /* HooqdTests */ = {
			isa = PBXGroup;
			children = (
				4FE720051D7105690090F88F /* HooqdTests.swift */,
				4FE720071D7105690090F88F /* Info.plist */,
			);
			path = HooqdTests;
			sourceTree = "<group>";
		};
		4FE7200F1D7105690090F88F /* HooqdUITests */ = {
			isa = PBXGroup;
			children = (
				4FE720101D7105690090F88F /* HooqdUITests.swift */,
				4FE720121D7105690090F88F /* Info.plist */,
			);
			path = HooqdUITests;
			sourceTree = "<group>";
		};
/* End PBXGroup section */

/* Begin PBXNativeTarget section */
		4FE71FEC1D7105690090F88F /* Hooqd */ = {
			isa = PBXNativeTarget;
			buildConfigurationList = 4FE720151D7105690090F88F /* Build configuration list for PBXNativeTarget "Hooqd" */;
			buildPhases = (
				4FE71FE91D7105690090F88F /* Sources */,
				4FE71FEA1D7105690090F88F /* Frameworks */,
				4FE71FEB1D7105690090F88F /* Resources */,
			);
			buildRules = (
			);
			dependencies = (
			);
			name = Hooqd;
			productName = Hooqd;
			productReference = 4FE71FED1D7105690090F88F /* Hooqd.app */;
			productType = "com.apple.product-type.application";
		};
		4FE720001D7105690090F88F /* HooqdTests */ = {
			isa = PBXNativeTarget;
			buildConfigurationList = 4FE720181D7105690090F88F /* Build configuration list for PBXNativeTarget "HooqdTests" */;
			buildPhases = (
				4FE71FFD1D7105690090F88F /* Sources */,
				4FE71FFE1D7105690090F88F /* Frameworks */,
				4FE71FFF1D7105690090F88F /* Resources */,
			);
			buildRules = (
			);
			dependencies = (
				4FE720031D7105690090F88F /* PBXTargetDependency */,
			);
			name = HooqdTests;
			productName = HooqdTests;
			productReference = 4FE720011D7105690090F88F /* HooqdTests.xctest */;
			productType = "com.apple.product-type.bundle.unit-test";
		};
		4FE7200B1D7105690090F88F /* HooqdUITests */ = {
			isa = PBXNativeTarget;
			buildConfigurationList = 4FE7201B1D7105690090F88F /* Build configuration list for PBXNativeTarget "HooqdUITests" */;
			buildPhases = (
				4FE720081D7105690090F88F /* Sources */,
				4FE720091D7105690090F88F /* Frameworks */,
				4FE7200A1D7105690090F88F /* Resources */,
			);
			buildRules = (
			);
			dependencies = (
				4FE7200E1D7105690090F88F /* PBXTargetDependency */,
			);
			name = HooqdUITests;
			productName = HooqdUITests;
			productReference = 4FE7200C1D7105690090F88F /* HooqdUITests.xctest */;
			productType = "com.apple.product-type.bundle.ui-testing";
		};
/* End PBXNativeTarget section */

/* Begin PBXProject section */
		4FE71FE51D7105690090F88F /* Project object */ = {
			isa = PBXProject;
			attributes = {
				LastSwiftUpdateCheck = 0730;
				LastUpgradeCheck = 0730;
				ORGANIZATIONNAME = "Paul Defilippi";
				TargetAttributes = {
					4FE71FEC1D7105690090F88F = {
						CreatedOnToolsVersion = 7.3.1;
					};
					4FE720001D7105690090F88F = {
						CreatedOnToolsVersion = 7.3.1;
						TestTargetID = 4FE71FEC1D7105690090F88F;
					};
					4FE7200B1D7105690090F88F = {
						CreatedOnToolsVersion = 7.3.1;
						TestTargetID = 4FE71FEC1D7105690090F88F;
					};
				};
			};
			buildConfigurationList = 4FE71FE81D7105690090F88F /* Build configuration list for PBXProject "Hooqd" */;
			compatibilityVersion = "Xcode 3.2";
			developmentRegion = English;
			hasScannedForEncodings = 0;
			knownRegions = (
				en,
				Base,
			);
			mainGroup = 4FE71FE41D7105690090F88F;
			productRefGroup = 4FE71FEE1D7105690090F88F /* Products */;
			projectDirPath = "";
			projectRoot = "";
			targets = (
				4FE71FEC1D7105690090F88F /* Hooqd */,
				4FE720001D7105690090F88F /* HooqdTests */,
				4FE7200B1D7105690090F88F /* HooqdUITests */,
			);
		};
/* End PBXProject section */

/* Begin PBXResourcesBuildPhase section */
		4FE71FEB1D7105690090F88F /* Resources */ = {
			isa = PBXResourcesBuildPhase;
			buildActionMask = 2147483647;
			files = (
				4FE71FFB1D7105690090F88F /* LaunchScreen.storyboard in Resources */,
				4FE71FF81D7105690090F88F /* Assets.xcassets in Resources */,
				4FE71FF61D7105690090F88F /* Main.storyboard in Resources */,
			);
			runOnlyForDeploymentPostprocessing = 0;
		};
		4FE71FFF1D7105690090F88F /* Resources */ = {
			isa = PBXResourcesBuildPhase;
			buildActionMask = 2147483647;
			files = (
			);
			runOnlyForDeploymentPostprocessing = 0;
		};
		4FE7200A1D7105690090F88F /* Resources */ = {
			isa = PBXResourcesBuildPhase;
			buildActionMask = 2147483647;
			files = (
			);
			runOnlyForDeploymentPostprocessing = 0;
		};
/* End PBXResourcesBuildPhase section */

/* Begin PBXSourcesBuildPhase section */
		4FE71FE91D7105690090F88F /* Sources */ = {
			isa = PBXSourcesBuildPhase;
			buildActionMask = 2147483647;
			files = (
				4FE71FF31D7105690090F88F /* ViewController.swift in Sources */,
				4FE71FF11D7105690090F88F /* AppDelegate.swift in Sources */,
			);
			runOnlyForDeploymentPostprocessing = 0;
		};
		4FE71FFD1D7105690090F88F /* Sources */ = {
			isa = PBXSourcesBuildPhase;
			buildActionMask = 2147483647;
			files = (
				4FE720061D7105690090F88F /* HooqdTests.swift in Sources */,
			);
			runOnlyForDeploymentPostprocessing = 0;
		};
		4FE720081D7105690090F88F /* Sources */ = {
			isa = PBXSourcesBuildPhase;
			buildActionMask = 2147483647;
			files = (
				4FE720111D7105690090F88F /* HooqdUITests.swift in Sources */,
			);
			runOnlyForDeploymentPostprocessing = 0;
		};
/* End PBXSourcesBuildPhase section */

/* Begin PBXTargetDependency section */
		4FE720031D7105690090F88F /* PBXTargetDependency */ = {
			isa = PBXTargetDependency;
			target = 4FE71FEC1D7105690090F88F /* Hooqd */;
			targetProxy = 4FE720021D7105690090F88F /* PBXContainerItemProxy */;
		};
		4FE7200E1D7105690090F88F /* PBXTargetDependency */ = {
			isa = PBXTargetDependency;
			target = 4FE71FEC1D7105690090F88F /* Hooqd */;
			targetProxy = 4FE7200D1D7105690090F88F /* PBXContainerItemProxy */;
		};
/* End PBXTargetDependency section */

/* Begin PBXVariantGroup section */
		4FE71FF41D7105690090F88F /* Main.storyboard */ = {
			isa = PBXVariantGroup;
			children = (
				4FE71FF51D7105690090F88F /* Base */,
			);
			name = Main.storyboard;
			sourceTree = "<group>";
		};
		4FE71FF91D7105690090F88F /* LaunchScreen.storyboard */ = {
			isa = PBXVariantGroup;
			children = (
				4FE71FFA1D7105690090F88F /* Base */,
			);
			name = LaunchScreen.storyboard;
			sourceTree = "<group>";
		};
/* End PBXVariantGroup section */

/* Begin XCBuildConfiguration section */
		4FE720131D7105690090F88F /* Debug */ = {
			isa = XCBuildConfiguration;
			buildSettings = {
				ALWAYS_SEARCH_USER_PATHS = NO;
				CLANG_ANALYZER_NONNULL = YES;
				CLANG_CXX_LANGUAGE_STANDARD = "gnu++0x";
				CLANG_CXX_LIBRARY = "libc++";
				CLANG_ENABLE_MODULES = YES;
				CLANG_ENABLE_OBJC_ARC = YES;
				CLANG_WARN_BOOL_CONVERSION = YES;
				CLANG_WARN_CONSTANT_CONVERSION = YES;
				CLANG_WARN_DIRECT_OBJC_ISA_USAGE = YES_ERROR;
				CLANG_WARN_EMPTY_BODY = YES;
				CLANG_WARN_ENUM_CONVERSION = YES;
				CLANG_WARN_INT_CONVERSION = YES;
				CLANG_WARN_OBJC_ROOT_CLASS = YES_ERROR;
				CLANG_WARN_UNREACHABLE_CODE = YES;
				CLANG_WARN__DUPLICATE_METHOD_MATCH = YES;
				"CODE_SIGN_IDENTITY[sdk=iphoneos*]" = "iPhone Developer";
				COPY_PHASE_STRIP = NO;
				DEBUG_INFORMATION_FORMAT = dwarf;
				ENABLE_STRICT_OBJC_MSGSEND = YES;
				ENABLE_TESTABILITY = YES;
				GCC_C_LANGUAGE_STANDARD = gnu99;
				GCC_DYNAMIC_NO_PIC = NO;
				GCC_NO_COMMON_BLOCKS = YES;
				GCC_OPTIMIZATION_LEVEL = 0;
				GCC_PREPROCESSOR_DEFINITIONS = (
					"DEBUG=1",
					"$(inherited)",
				);
				GCC_WARN_64_TO_32_BIT_CONVERSION = YES;
				GCC_WARN_ABOUT_RETURN_TYPE = YES_ERROR;
				GCC_WARN_UNDECLARED_SELECTOR = YES;
				GCC_WARN_UNINITIALIZED_AUTOS = YES_AGGRESSIVE;
				GCC_WARN_UNUSED_FUNCTION = YES;
				GCC_WARN_UNUSED_VARIABLE = YES;
				IPHONEOS_DEPLOYMENT_TARGET = 9.3;
				MTL_ENABLE_DEBUG_INFO = YES;
				ONLY_ACTIVE_ARCH = YES;
				SDKROOT = iphoneos;
				SWIFT_OPTIMIZATION_LEVEL = "-Onone";
				TARGETED_DEVICE_FAMILY = "1,2";
			};
			name = Debug;
		};
		4FE720141D7105690090F88F /* Release */ = {
			isa = XCBuildConfiguration;
			buildSettings = {
				ALWAYS_SEARCH_USER_PATHS = NO;
				CLANG_ANALYZER_NONNULL = YES;
				CLANG_CXX_LANGUAGE_STANDARD = "gnu++0x";
				CLANG_CXX_LIBRARY = "libc++";
				CLANG_ENABLE_MODULES = YES;
				CLANG_ENABLE_OBJC_ARC = YES;
				CLANG_WARN_BOOL_CONVERSION = YES;
				CLANG_WARN_CONSTANT_CONVERSION = YES;
				CLANG_WARN_DIRECT_OBJC_ISA_USAGE = YES_ERROR;
				CLANG_WARN_EMPTY_BODY = YES;
				CLANG_WARN_ENUM_CONVERSION = YES;
				CLANG_WARN_INT_CONVERSION = YES;
				CLANG_WARN_OBJC_ROOT_CLASS = YES_ERROR;
				CLANG_WARN_UNREACHABLE_CODE = YES;
				CLANG_WARN__DUPLICATE_METHOD_MATCH = YES;
				"CODE_SIGN_IDENTITY[sdk=iphoneos*]" = "iPhone Developer";
				COPY_PHASE_STRIP = NO;
				DEBUG_INFORMATION_FORMAT = "dwarf-with-dsym";
				ENABLE_NS_ASSERTIONS = NO;
				ENABLE_STRICT_OBJC_MSGSEND = YES;
				GCC_C_LANGUAGE_STANDARD = gnu99;
				GCC_NO_COMMON_BLOCKS = YES;
				GCC_WARN_64_TO_32_BIT_CONVERSION = YES;
				GCC_WARN_ABOUT_RETURN_TYPE = YES_ERROR;
				GCC_WARN_UNDECLARED_SELECTOR = YES;
				GCC_WARN_UNINITIALIZED_AUTOS = YES_AGGRESSIVE;
				GCC_WARN_UNUSED_FUNCTION = YES;
				GCC_WARN_UNUSED_VARIABLE = YES;
				IPHONEOS_DEPLOYMENT_TARGET = 9.3;
				MTL_ENABLE_DEBUG_INFO = NO;
				SDKROOT = iphoneos;
				TARGETED_DEVICE_FAMILY = "1,2";
				VALIDATE_PRODUCT = YES;
			};
			name = Release;
		};
		4FE720161D7105690090F88F /* Debug */ = {
			isa = XCBuildConfiguration;
			buildSettings = {
				ASSETCATALOG_COMPILER_APPICON_NAME = AppIcon;
				INFOPLIST_FILE = Hooqd/Info.plist;
				LD_RUNPATH_SEARCH_PATHS = "$(inherited) @executable_path/Frameworks";
				PRODUCT_BUNDLE_IDENTIFIER = "Paul-DeFilippi.Hooqd";
				PRODUCT_NAME = "$(TARGET_NAME)";
			};
			name = Debug;
		};
		4FE720171D7105690090F88F /* Release */ = {
			isa = XCBuildConfiguration;
			buildSettings = {
				ASSETCATALOG_COMPILER_APPICON_NAME = AppIcon;
				INFOPLIST_FILE = Hooqd/Info.plist;
				LD_RUNPATH_SEARCH_PATHS = "$(inherited) @executable_path/Frameworks";
				PRODUCT_BUNDLE_IDENTIFIER = "Paul-DeFilippi.Hooqd";
				PRODUCT_NAME = "$(TARGET_NAME)";
			};
			name = Release;
		};
		4FE720191D7105690090F88F /* Debug */ = {
			isa = XCBuildConfiguration;
			buildSettings = {
				BUNDLE_LOADER = "$(TEST_HOST)";
				INFOPLIST_FILE = HooqdTests/Info.plist;
				LD_RUNPATH_SEARCH_PATHS = "$(inherited) @executable_path/Frameworks @loader_path/Frameworks";
				PRODUCT_BUNDLE_IDENTIFIER = "Paul-DeFilippi.HooqdTests";
				PRODUCT_NAME = "$(TARGET_NAME)";
				TEST_HOST = "$(BUILT_PRODUCTS_DIR)/Hooqd.app/Hooqd";
			};
			name = Debug;
		};
		4FE7201A1D7105690090F88F /* Release */ = {
			isa = XCBuildConfiguration;
			buildSettings = {
				BUNDLE_LOADER = "$(TEST_HOST)";
				INFOPLIST_FILE = HooqdTests/Info.plist;
				LD_RUNPATH_SEARCH_PATHS = "$(inherited) @executable_path/Frameworks @loader_path/Frameworks";
				PRODUCT_BUNDLE_IDENTIFIER = "Paul-DeFilippi.HooqdTests";
				PRODUCT_NAME = "$(TARGET_NAME)";
				TEST_HOST = "$(BUILT_PRODUCTS_DIR)/Hooqd.app/Hooqd";
			};
			name = Release;
		};
		4FE7201C1D7105690090F88F /* Debug */ = {
			isa = XCBuildConfiguration;
			buildSettings = {
				INFOPLIST_FILE = HooqdUITests/Info.plist;
				LD_RUNPATH_SEARCH_PATHS = "$(inherited) @executable_path/Frameworks @loader_path/Frameworks";
				PRODUCT_BUNDLE_IDENTIFIER = "Paul-DeFilippi.HooqdUITests";
				PRODUCT_NAME = "$(TARGET_NAME)";
				TEST_TARGET_NAME = Hooqd;
			};
			name = Debug;
		};
		4FE7201D1D7105690090F88F /* Release */ = {
			isa = XCBuildConfiguration;
			buildSettings = {
				INFOPLIST_FILE = HooqdUITests/Info.plist;
				LD_RUNPATH_SEARCH_PATHS = "$(inherited) @executable_path/Frameworks @loader_path/Frameworks";
				PRODUCT_BUNDLE_IDENTIFIER = "Paul-DeFilippi.HooqdUITests";
				PRODUCT_NAME = "$(TARGET_NAME)";
				TEST_TARGET_NAME = Hooqd;
			};
			name = Release;
		};
/* End XCBuildConfiguration section */

/* Begin XCConfigurationList section */
		4FE71FE81D7105690090F88F /* Build configuration list for PBXProject "Hooqd" */ = {
			isa = XCConfigurationList;
			buildConfigurations = (
				4FE720131D7105690090F88F /* Debug */,
				4FE720141D7105690090F88F /* Release */,
			);
			defaultConfigurationIsVisible = 0;
			defaultConfigurationName = Release;
		};
		4FE720151D7105690090F88F /* Build configuration list for PBXNativeTarget "Hooqd" */ = {
			isa = XCConfigurationList;
			buildConfigurations = (
				4FE720161D7105690090F88F /* Debug */,
				4FE720171D7105690090F88F /* Release */,
			);
			defaultConfigurationIsVisible = 0;
		};
		4FE720181D7105690090F88F /* Build configuration list for PBXNativeTarget "HooqdTests" */ = {
			isa = XCConfigurationList;
			buildConfigurations = (
				4FE720191D7105690090F88F /* Debug */,
				4FE7201A1D7105690090F88F /* Release */,
			);
			defaultConfigurationIsVisible = 0;
		};
		4FE7201B1D7105690090F88F /* Build configuration list for PBXNativeTarget "HooqdUITests" */ = {
			isa = XCConfigurationList;
			buildConfigurations = (
				4FE7201C1D7105690090F88F /* Debug */,
				4FE7201D1D7105690090F88F /* Release */,
			);
			defaultConfigurationIsVisible = 0;
		};
/* End XCConfigurationList section */
	};
	rootObject = 4FE71FE51D7105690090F88F /* Project object */;
}
